
Microsoft Visual Studio Solution File, Format Version 12.00
# Visual Studio Version 16
VisualStudioVersion = 16.0.29728.190
MinimumVisualStudioVersion = 10.0.40219.1
Project("{9092AA53-FB77-4645-B42D-1CCCA6BD08BD}") = "TicTacToe_Javascript", "TicTacToe_Javascript.njsproj", "{EAD6E62D-3552-4D91-9F50-D2F43BD038BD}"
EndProject
Global
	GlobalSection(SolutionConfigurationPlatforms) = preSolution
		Debug|Any CPU = Debug|Any CPU
		Release|Any CPU = Release|Any CPU
	EndGlobalSection
	GlobalSection(ProjectConfigurationPlatforms) = postSolution
		{EAD6E62D-3552-4D91-9F50-D2F43BD038BD}.Debug|Any CPU.ActiveCfg = Debug|Any CPU
		{EAD6E62D-3552-4D91-9F50-D2F43BD038BD}.Debug|Any CPU.Build.0 = Debug|Any CPU
		{EAD6E62D-3552-4D91-9F50-D2F43BD038BD}.Release|Any CPU.ActiveCfg = Release|Any CPU
		{EAD6E62D-3552-4D91-9F50-D2F43BD038BD}.Release|Any CPU.Build.0 = Release|Any CPU
	EndGlobalSection
	GlobalSection(SolutionProperties) = preSolution
		HideSolutionNode = FALSE
	EndGlobalSection
	GlobalSection(ExtensibilityGlobals) = postSolution
		SolutionGuid = {60BB13F2-6CA1-4311-BC4E-31C188C1BA83}
	EndGlobalSection
EndGlobal
